{
  "name": "ubuntu",
  "lockfileVersion": 2,
  "requires": true,
  "packages": {
    "": {
      "dependencies": {
        "carbon": "^0.5.0"
      }
    },
    "node_modules/carbon": {
      "version": "0.5.0",
      "resolved": "https://registry.npmjs.org/carbon/-/carbon-0.5.0.tgz",
      "integrity": "sha1-/h8f5h6UZK/YtL7KZ6qCLlF0Txo=",
      "dependencies": {
        "cohesion": "0.2.x",
        "drip": "1.1.x",
        "electron": "0.4.x",
        "fsagent": "0.3.x",
        "harbor": "0.2.x",
        "sherlock": "*"
      },
      "bin": {
        "carbon": "bin/carbon"
      },
      "engines": {
        "node": ">= 0.8.x"
      }
    },
    "node_modules/cohesion": {
      "version": "0.2.0",
      "resolved": "https://registry.npmjs.org/cohesion/-/cohesion-0.2.0.tgz",
      "integrity": "sha1-GYN2nRZiGMW/HzL5RlbupOaol9Y=",
      "dependencies": {
        "drip": "1.1.x",
        "sherlock": "*"
      },
      "engines": {
        "node": "*"
      }
    },
    "node_modules/drip": {
      "version": "1.1.0",
      "resolved": "https://registry.npmjs.org/drip/-/drip-1.1.0.tgz",
      "integrity": "sha1-zO+x5obYb8EVtwyewSb4+HG9/X4=",
      "dependencies": {
        "tea-concat": "0.1.0"
      },
      "engines": {
        "node": "*"
      }
    },
    "node_modules/electron": {
      "version": "0.4.1",
      "resolved": "https://registry.npmjs.org/electron/-/electron-0.4.1.tgz",
      "integrity": "sha1-p4oFGniC9OVC1uIH2KGnMHazAUQ=",
      "deprecated": "The original electron project has been moved. Visit github.com/logicalparadox/electron for more details.",
      "dependencies": {
        "drip": "1.1.x"
      },
      "engines": {
        "node": "*"
      }
    },
    "node_modules/fsagent": {
      "version": "0.3.0",
      "resolved": "https://registry.npmjs.org/fsagent/-/fsagent-0.3.0.tgz",
      "integrity": "sha1-rkxv7NnYqpHq9d6ynvhEjj4RB4A=",
      "engines": {
        "node": "*"
      }
    },
    "node_modules/harbor": {
      "version": "0.2.0",
      "resolved": "https://registry.npmjs.org/harbor/-/harbor-0.2.0.tgz",
      "integrity": "sha1-d0d0xDGrJpXBQutR55s9N6tVXJE="
    },
    "node_modules/sherlock": {
      "version": "1.1.0",
      "resolved": "https://registry.npmjs.org/sherlock/-/sherlock-1.1.0.tgz",
      "integrity": "sha1-apHIRFETxmrzjgRoO05mGTttMKk=",
      "engines": {
        "node": "*"
      }
    },
    "node_modules/tea-concat": {
      "version": "0.1.0",
      "resolved": "https://registry.npmjs.org/tea-concat/-/tea-concat-0.1.0.tgz",
      "integrity": "sha1-6i6QdAD914pjNM4CD6PGlQLZnoQ=",
      "engines": {
        "node": "*"
      }
    }
  },
  "dependencies": {
    "carbon": {
      "version": "0.5.0",
      "resolved": "https://registry.npmjs.org/carbon/-/carbon-0.5.0.tgz",
      "integrity": "sha1-/h8f5h6UZK/YtL7KZ6qCLlF0Txo=",
      "requires": {
        "cohesion": "0.2.x",
        "drip": "1.1.x",
        "electron": "0.4.x",
        "fsagent": "0.3.x",
        "harbor": "0.2.x",
        "sherlock": "*"
      }
    },
    "cohesion": {
      "version": "0.2.0",
      "resolved": "https://registry.npmjs.org/cohesion/-/cohesion-0.2.0.tgz",
      "integrity": "sha1-GYN2nRZiGMW/HzL5RlbupOaol9Y=",
      "requires": {
        "drip": "1.1.x",
        "sherlock": "*"
      }
    },
    "drip": {
      "version": "1.1.0",
      "resolved": "https://registry.npmjs.org/drip/-/drip-1.1.0.tgz",
      "integrity": "sha1-zO+x5obYb8EVtwyewSb4+HG9/X4=",
      "requires": {
        "tea-concat": "0.1.0"
      }
    },
    "electron": {
      "version": "0.4.1",
      "resolved": "https://registry.npmjs.org/electron/-/electron-0.4.1.tgz",
      "integrity": "sha1-p4oFGniC9OVC1uIH2KGnMHazAUQ=",
      "requires": {
        "drip": "1.1.x"
      }
    },
    "fsagent": {
      "version": "0.3.0",
      "resolved": "https://registry.npmjs.org/fsagent/-/fsagent-0.3.0.tgz",
      "integrity": "sha1-rkxv7NnYqpHq9d6ynvhEjj4RB4A="
    },
    "harbor": {
      "version": "0.2.0",
      "resolved": "https://registry.npmjs.org/harbor/-/harbor-0.2.0.tgz",
      "integrity": "sha1-d0d0xDGrJpXBQutR55s9N6tVXJE="
    },
    "sherlock": {
      "version": "1.1.0",
      "resolved": "https://registry.npmjs.org/sherlock/-/sherlock-1.1.0.tgz",
      "integrity": "sha1-apHIRFETxmrzjgRoO05mGTttMKk="
    },
    "tea-concat": {
      "version": "0.1.0",
      "resolved": "https://registry.npmjs.org/tea-concat/-/tea-concat-0.1.0.tgz",
      "integrity": "sha1-6i6QdAD914pjNM4CD6PGlQLZnoQ="
    }
  }
}
